github.com/CaiJimmy/hugo-theme-stack/v3 v3.26.0 h1:kLZSTvo+E3S2YWw59DjXWtKLNbw3JaL7Z+VAjcegqa0=
github.com/CaiJimmy/hugo-theme-stack/v3 v3.26.0/go.mod h1:IPmCXiIxlFSLFYS0tOmYP6ySLviyeNVSabyvSuaxD+I=
github.com/CaiJimmy/hugo-theme-stack/v3 v3.30.0 h1:uITC7EKGyfPjyi3C5At++E0Uu1qQXtqiwMV4pd7LkLs=
github.com/CaiJimmy/hugo-theme-stack/v3 v3.30.0/go.mod h1:IPmCXiIxlFSLFYS0tOmYP6ySLviyeNVSabyvSuaxD+I=
